
Microsoft Visual Studio Solution File, Format Version 12.00
# Visual Studio Version 17
VisualStudioVersion = 17.0.32014.148
MinimumVisualStudioVersion = 10.0.40219.1
Project("{FAE04EC0-301F-11D3-BF4B-00C04F79EFBC}") = "manshin", "manshin.csproj", "{87037E31-1675-40D2-9A73-C166FEB9DCFF}"
EndProject
Global
	GlobalSection(SolutionConfigurationPlatforms) = preSolution
		Debug|Any CPU = Debug|Any CPU
		Release|Any CPU = Release|Any CPU
	EndGlobalSection
	GlobalSection(ProjectConfigurationPlatforms) = postSolution
		{87037E31-1675-40D2-9A73-C166FEB9DCFF}.Debug|Any CPU.ActiveCfg = Debug|Any CPU
		{87037E31-1675-40D2-9A73-C166FEB9DCFF}.Debug|Any CPU.Build.0 = Debug|Any CPU
		{87037E31-1675-40D2-9A73-C166FEB9DCFF}.Release|Any CPU.ActiveCfg = Release|Any CPU
		{87037E31-1675-40D2-9A73-C166FEB9DCFF}.Release|Any CPU.Build.0 = Release|Any CPU
	EndGlobalSection
	GlobalSection(SolutionProperties) = preSolution
		HideSolutionNode = FALSE
	EndGlobalSection
	GlobalSection(ExtensibilityGlobals) = postSolution
		SolutionGuid = {F4BFF0B8-AC0D-44DF-9712-16BBB5F7B990}
	EndGlobalSection
EndGlobal
